
Microsoft Visual Studio Solution File, Format Version 12.00
# Visual Studio Version 17
VisualStudioVersion = 17.13.35828.75 d17.13
MinimumVisualStudioVersion = 10.0.40219.1
Project("{FAE04EC0-301F-11D3-BF4B-00C04F79EFBC}") = "WebAppWithDatabaseV1", "WebAppWithDatabaseV1.csproj", "{C1B22EDC-A44D-4A42-A41E-CA17C260144C}"
EndProject
Global
	GlobalSection(SolutionConfigurationPlatforms) = preSolution
		Debug|Any CPU = Debug|Any CPU
		Release|Any CPU = Release|Any CPU
	EndGlobalSection
	GlobalSection(ProjectConfigurationPlatforms) = postSolution
		{C1B22EDC-A44D-4A42-A41E-CA17C260144C}.Debug|Any CPU.ActiveCfg = Debug|Any CPU
		{C1B22EDC-A44D-4A42-A41E-CA17C260144C}.Debug|Any CPU.Build.0 = Debug|Any CPU
		{C1B22EDC-A44D-4A42-A41E-CA17C260144C}.Release|Any CPU.ActiveCfg = Release|Any CPU
		{C1B22EDC-A44D-4A42-A41E-CA17C260144C}.Release|Any CPU.Build.0 = Release|Any CPU
	EndGlobalSection
	GlobalSection(SolutionProperties) = preSolution
		HideSolutionNode = FALSE
	EndGlobalSection
	GlobalSection(ExtensibilityGlobals) = postSolution
		SolutionGuid = {0C8B5E12-59C1-4EC4-A518-3E8DD4B1E16C}
	EndGlobalSection
EndGlobal
